{
  "name": "create-mta-station-json",
  "version": "1.0.0",
  "lockfileVersion": 1,
  "requires": true,
  "dependencies": {
    "csv-parse": {
      "version": "4.15.1",
      "resolved": "https://registry.npmjs.org/csv-parse/-/csv-parse-4.15.1.tgz",
      "integrity": "sha512-TXIvRtNp0fqMJbk3yPR35bQIDzMH4khDwduElzE7Fl1wgnl25mnWYLSLqd/wS5GsDoX1rWtysivEYMNsz5jKwQ=="
    },
    "node-fetch": {
      "version": "2.6.1",
      "resolved": "https://registry.npmjs.org/node-fetch/-/node-fetch-2.6.1.tgz",
      "integrity": "sha512-V4aYg89jEoVRxRb2fJdAg8FHvI7cEyYdVAh94HH0UIK8oJxUfkjlDQN9RbMx+bEjP7+ggMiFRprSti032Oipxw=="
    }
  }
}
